
Microsoft Visual Studio Solution File, Format Version 12.00
# Visual Studio 2012
Project("{FAE04EC0-301F-11D3-BF4B-00C04F79EFBC}") = "FetchTcx", "FetchTcx\FetchTcx.csproj", "{D5EECD64-9A5A-4928-A71C-B8E3FEA8176F}"
EndProject
Global
	GlobalSection(SolutionConfigurationPlatforms) = preSolution
		Debug|Any CPU = Debug|Any CPU
		Release|Any CPU = Release|Any CPU
	EndGlobalSection
	GlobalSection(ProjectConfigurationPlatforms) = postSolution
		{D5EECD64-9A5A-4928-A71C-B8E3FEA8176F}.Debug|Any CPU.ActiveCfg = Debug|Any CPU
		{D5EECD64-9A5A-4928-A71C-B8E3FEA8176F}.Debug|Any CPU.Build.0 = Debug|Any CPU
		{D5EECD64-9A5A-4928-A71C-B8E3FEA8176F}.Release|Any CPU.ActiveCfg = Release|Any CPU
		{D5EECD64-9A5A-4928-A71C-B8E3FEA8176F}.Release|Any CPU.Build.0 = Release|Any CPU
	EndGlobalSection
	GlobalSection(SolutionProperties) = preSolution
		HideSolutionNode = FALSE
	EndGlobalSection
EndGlobal
